
Microsoft Visual Studio Solution File, Format Version 12.00
# Visual Studio Version 16
VisualStudioVersion = 16.0.30523.141
MinimumVisualStudioVersion = 10.0.40219.1
Project("{FAE04EC0-301F-11D3-BF4B-00C04F79EFBC}") = "TelerikGridMVC", "TelerikGridMVC.csproj", "{AFE6684D-DD04-4C63-8677-5BA7458A19FB}"
EndProject
Global
	GlobalSection(SolutionConfigurationPlatforms) = preSolution
		Debug|Any CPU = Debug|Any CPU
		Release|Any CPU = Release|Any CPU
	EndGlobalSection
	GlobalSection(ProjectConfigurationPlatforms) = postSolution
		{AFE6684D-DD04-4C63-8677-5BA7458A19FB}.Debug|Any CPU.ActiveCfg = Debug|Any CPU
		{AFE6684D-DD04-4C63-8677-5BA7458A19FB}.Debug|Any CPU.Build.0 = Debug|Any CPU
		{AFE6684D-DD04-4C63-8677-5BA7458A19FB}.Release|Any CPU.ActiveCfg = Release|Any CPU
		{AFE6684D-DD04-4C63-8677-5BA7458A19FB}.Release|Any CPU.Build.0 = Release|Any CPU
	EndGlobalSection
	GlobalSection(SolutionProperties) = preSolution
		HideSolutionNode = FALSE
	EndGlobalSection
	GlobalSection(ExtensibilityGlobals) = postSolution
		SolutionGuid = {BC02A4C6-FE88-4FA7-97F4-BCEC8D4DBB42}
	EndGlobalSection
EndGlobal
